// !$*UTF8*$!
{
	archiveVersion = 1;
	classes = {
	};
	objectVersion = 50;
	objects = {

/* Begin PBXBuildFile section */
		77BFF53D242FCEF700F1FAE5 /* AppDelegate.swift in Sources */ = {isa = PBXBuildFile; fileRef = 77BFF53C242FCEF700F1FAE5 /* AppDelegate.swift */; };
		77BFF53F242FCEF700F1FAE5 /* SceneDelegate.swift in Sources */ = {isa = PBXBuildFile; fileRef = 77BFF53E242FCEF700F1FAE5 /* SceneDelegate.swift */; };
		77BFF541242FCEF700F1FAE5 /* MemeCreationViewController.swift in Sources */ = {isa = PBXBuildFile; fileRef = 77BFF540242FCEF700F1FAE5 /* MemeCreationViewController.swift */; };
		77BFF544242FCEF700F1FAE5 /* Main.storyboard in Resources */ = {isa = PBXBuildFile; fileRef = 77BFF542242FCEF700F1FAE5 /* Main.storyboard */; };
		77BFF546242FCEFB00F1FAE5 /* Assets.xcassets in Resources */ = {isa = PBXBuildFile; fileRef = 77BFF545242FCEFB00F1FAE5 /* Assets.xcassets */; };
		77BFF549242FCEFB00F1FAE5 /* LaunchScreen.storyboard in Resources */ = {isa = PBXBuildFile; fileRef = 77BFF547242FCEFB00F1FAE5 /* LaunchScreen.storyboard */; };
		77BFF577242FDBB700F1FAE5 /* Meme.swift in Sources */ = {isa = PBXBuildFile; fileRef = 77BFF576242FDBB700F1FAE5 /* Meme.swift */; };
		77BFF57D2431E9ED00F1FAE5 /* SentMemesCollectionViewController.swift in Sources */ = {isa = PBXBuildFile; fileRef = 77BFF57C2431E9ED00F1FAE5 /* SentMemesCollectionViewController.swift */; };
		77BFF57F2432126100F1FAE5 /* SentMemesTableViewController.swift in Sources */ = {isa = PBXBuildFile; fileRef = 77BFF57E2432126100F1FAE5 /* SentMemesTableViewController.swift */; };
		77BFF5812432249600F1FAE5 /* MemeCollectionViewCell.swift in Sources */ = {isa = PBXBuildFile; fileRef = 77BFF5802432249600F1FAE5 /* MemeCollectionViewCell.swift */; };
		77BFF5832435231600F1FAE5 /* MemeDetailViewController.swift in Sources */ = {isa = PBXBuildFile; fileRef = 77BFF5822435231600F1FAE5 /* MemeDetailViewController.swift */; };
		77BFF5852436656A00F1FAE5 /* MemeTableViewCell.swift in Sources */ = {isa = PBXBuildFile; fileRef = 77BFF5842436656A00F1FAE5 /* MemeTableViewCell.swift */; };
/* End PBXBuildFile section */

/* Begin PBXFileReference section */
		77BFF539242FCEF700F1FAE5 /* MemeMe ver. 2.0.app */ = {isa = PBXFileReference; explicitFileType = wrapper.application; includeInIndex = 0; path = "MemeMe ver. 2.0.app"; sourceTree = BUILT_PRODUCTS_DIR; };
		77BFF53C242FCEF700F1FAE5 /* AppDelegate.swift */ = {isa = PBXFileReference; lastKnownFileType = sourcecode.swift; path = AppDelegate.swift; sourceTree = "<group>"; };
		77BFF53E242FCEF700F1FAE5 /* SceneDelegate.swift */ = {isa = PBXFileReference; lastKnownFileType = sourcecode.swift; path = SceneDelegate.swift; sourceTree = "<group>"; };
		77BFF540242FCEF700F1FAE5 /* MemeCreationViewController.swift */ = {isa = PBXFileReference; lastKnownFileType = sourcecode.swift; path = MemeCreationViewController.swift; sourceTree = "<group>"; };
		77BFF543242FCEF700F1FAE5 /* Base */ = {isa = PBXFileReference; lastKnownFileType = file.storyboard; name = Base; path = Base.lproj/Main.storyboard; sourceTree = "<group>"; };
		77BFF545242FCEFB00F1FAE5 /* Assets.xcassets */ = {isa = PBXFileReference; lastKnownFileType = folder.assetcatalog; path = Assets.xcassets; sourceTree = "<group>"; };
		77BFF548242FCEFB00F1FAE5 /* Base */ = {isa = PBXFileReference; lastKnownFileType = file.storyboard; name = Base; path = Base.lproj/LaunchScreen.storyboard; sourceTree = "<group>"; };
		77BFF54A242FCEFB00F1FAE5 /* Info.plist */ = {isa = PBXFileReference; lastKnownFileType = text.plist.xml; path = Info.plist; sourceTree = "<group>"; };
		77BFF576242FDBB700F1FAE5 /* Meme.swift */ = {isa = PBXFileReference; lastKnownFileType = sourcecode.swift; path = Meme.swift; sourceTree = "<group>"; };
		77BFF57C2431E9ED00F1FAE5 /* SentMemesCollectionViewController.swift */ = {isa = PBXFileReference; lastKnownFileType = sourcecode.swift; path = SentMemesCollectionViewController.swift; sourceTree = "<group>"; };
		77BFF57E2432126100F1FAE5 /* SentMemesTableViewController.swift */ = {isa = PBXFileReference; lastKnownFileType = sourcecode.swift; path = SentMemesTableViewController.swift; sourceTree = "<group>"; };
		77BFF5802432249600F1FAE5 /* MemeCollectionViewCell.swift */ = {isa = PBXFileReference; lastKnownFileType = sourcecode.swift; path = MemeCollectionViewCell.swift; sourceTree = "<group>"; };
		77BFF5822435231600F1FAE5 /* MemeDetailViewController.swift */ = {isa = PBXFileReference; lastKnownFileType = sourcecode.swift; path = MemeDetailViewController.swift; sourceTree = "<group>"; };
		77BFF5842436656A00F1FAE5 /* MemeTableViewCell.swift */ = {isa = PBXFileReference; lastKnownFileType = sourcecode.swift; path = MemeTableViewCell.swift; sourceTree = "<group>"; };
/* End PBXFileReference section */

/* Begin PBXFrameworksBuildPhase section */
		77BFF536242FCEF700F1FAE5 /* Frameworks */ = {
			isa = PBXFrameworksBuildPhase;
			buildActionMask = 2147483647;
			files = (
			);
			runOnlyForDeploymentPostprocessing = 0;
		};
/* End PBXFrameworksBuildPhase section */

/* Begin PBXGroup section */
		77BFF530242FCEF700F1FAE5 = {
			isa = PBXGroup;
			children = (
				77BFF53B242FCEF700F1FAE5 /* MemeMe ver. 2.0 */,
				77BFF53A242FCEF700F1FAE5 /* Products */,
			);
			sourceTree = "<group>";
		};
		77BFF53A242FCEF700F1FAE5 /* Products */ = {
			isa = PBXGroup;
			children = (
				77BFF539242FCEF700F1FAE5 /* MemeMe ver. 2.0.app */,
			);
			name = Products;
			sourceTree = "<group>";
		};
		77BFF53B242FCEF700F1FAE5 /* MemeMe ver. 2.0 */ = {
			isa = PBXGroup;
			children = (
				77BFF53C242FCEF700F1FAE5 /* AppDelegate.swift */,
				77BFF53E242FCEF700F1FAE5 /* SceneDelegate.swift */,
				77BFF576242FDBB700F1FAE5 /* Meme.swift */,
				77BFF5822435231600F1FAE5 /* MemeDetailViewController.swift */,
				77BFF540242FCEF700F1FAE5 /* MemeCreationViewController.swift */,
				77BFF57C2431E9ED00F1FAE5 /* SentMemesCollectionViewController.swift */,
				77BFF5802432249600F1FAE5 /* MemeCollectionViewCell.swift */,
				77BFF57E2432126100F1FAE5 /* SentMemesTableViewController.swift */,
				77BFF5842436656A00F1FAE5 /* MemeTableViewCell.swift */,
				77BFF542242FCEF700F1FAE5 /* Main.storyboard */,
				77BFF545242FCEFB00F1FAE5 /* Assets.xcassets */,
				77BFF547242FCEFB00F1FAE5 /* LaunchScreen.storyboard */,
				77BFF54A242FCEFB00F1FAE5 /* Info.plist */,
			);
			path = "MemeMe ver. 2.0";
			sourceTree = "<group>";
		};
/* End PBXGroup section */

/* Begin PBXNativeTarget section */
		77BFF538242FCEF700F1FAE5 /* MemeMe ver. 2.0 */ = {
			isa = PBXNativeTarget;
			buildConfigurationList = 77BFF563242FCEFB00F1FAE5 /* Build configuration list for PBXNativeTarget "MemeMe ver. 2.0" */;
			buildPhases = (
				77BFF535242FCEF700F1FAE5 /* Sources */,
				77BFF536242FCEF700F1FAE5 /* Frameworks */,
				77BFF537242FCEF700F1FAE5 /* Resources */,
			);
			buildRules = (
			);
			dependencies = (
			);
			name = "MemeMe ver. 2.0";
			productName = "MemeMe ver. 2.0";
			productReference = 77BFF539242FCEF700F1FAE5 /* MemeMe ver. 2.0.app */;
			productType = "com.apple.product-type.application";
		};
/* End PBXNativeTarget section */

/* Begin PBXProject section */
		77BFF531242FCEF700F1FAE5 /* Project object */ = {
			isa = PBXProject;
			attributes = {
				LastSwiftUpdateCheck = 1130;
				LastUpgradeCheck = 1130;
				ORGANIZATIONNAME = "Vassileios Vassileiades";
				TargetAttributes = {
					77BFF538242FCEF700F1FAE5 = {
						CreatedOnToolsVersion = 11.3.1;
					};
				};
			};
			buildConfigurationList = 77BFF534242FCEF700F1FAE5 /* Build configuration list for PBXProject "MemeMe ver. 2.0" */;
			compatibilityVersion = "Xcode 9.3";
			developmentRegion = en;
			hasScannedForEncodings = 0;
			knownRegions = (
				en,
				Base,
			);
			mainGroup = 77BFF530242FCEF700F1FAE5;
			productRefGroup = 77BFF53A242FCEF700F1FAE5 /* Products */;
			projectDirPath = "";
			projectRoot = "";
			targets = (
				77BFF538242FCEF700F1FAE5 /* MemeMe ver. 2.0 */,
			);
		};
/* End PBXProject section */

/* Begin PBXResourcesBuildPhase section */
		77BFF537242FCEF700F1FAE5 /* Resources */ = {
			isa = PBXResourcesBuildPhase;
			buildActionMask = 2147483647;
			files = (
				77BFF549242FCEFB00F1FAE5 /* LaunchScreen.storyboard in Resources */,
				77BFF546242FCEFB00F1FAE5 /* Assets.xcassets in Resources */,
				77BFF544242FCEF700F1FAE5 /* Main.storyboard in Resources */,
			);
			runOnlyForDeploymentPostprocessing = 0;
		};
/* End PBXResourcesBuildPhase section */

/* Begin PBXSourcesBuildPhase section */
		77BFF535242FCEF700F1FAE5 /* Sources */ = {
			isa = PBXSourcesBuildPhase;
			buildActionMask = 2147483647;
			files = (
				77BFF541242FCEF700F1FAE5 /* MemeCreationViewController.swift in Sources */,
				77BFF57F2432126100F1FAE5 /* SentMemesTableViewController.swift in Sources */,
				77BFF577242FDBB700F1FAE5 /* Meme.swift in Sources */,
				77BFF57D2431E9ED00F1FAE5 /* SentMemesCollectionViewController.swift in Sources */,
				77BFF5812432249600F1FAE5 /* MemeCollectionViewCell.swift in Sources */,
				77BFF53D242FCEF700F1FAE5 /* AppDelegate.swift in Sources */,
				77BFF5852436656A00F1FAE5 /* MemeTableViewCell.swift in Sources */,
				77BFF53F242FCEF700F1FAE5 /* SceneDelegate.swift in Sources */,
				77BFF5832435231600F1FAE5 /* MemeDetailViewController.swift in Sources */,
			);
			runOnlyForDeploymentPostprocessing = 0;
		};
/* End PBXSourcesBuildPhase section */

/* Begin PBXVariantGroup section */
		77BFF542242FCEF700F1FAE5 /* Main.storyboard */ = {
			isa = PBXVariantGroup;
			children = (
				77BFF543242FCEF700F1FAE5 /* Base */,
			);
			name = Main.storyboard;
			sourceTree = "<group>";
		};
		77BFF547242FCEFB00F1FAE5 /* LaunchScreen.storyboard */ = {
			isa = PBXVariantGroup;
			children = (
				77BFF548242FCEFB00F1FAE5 /* Base */,
			);
			name = LaunchScreen.storyboard;
			sourceTree = "<group>";
		};
/* End PBXVariantGroup section */

/* Begin XCBuildConfiguration section */
		77BFF561242FCEFB00F1FAE5 /* Debug */ = {
			isa = XCBuildConfiguration;
			buildSettings = {
				ALWAYS_SEARCH_USER_PATHS = NO;
				CLANG_ANALYZER_NONNULL = YES;
				CLANG_ANALYZER_NUMBER_OBJECT_CONVERSION = YES_AGGRESSIVE;
				CLANG_CXX_LANGUAGE_STANDARD = "gnu++14";
				CLANG_CXX_LIBRARY = "libc++";
				CLANG_ENABLE_MODULES = YES;
				CLANG_ENABLE_OBJC_ARC = YES;
				CLANG_ENABLE_OBJC_WEAK = YES;
				CLANG_WARN_BLOCK_CAPTURE_AUTORELEASING = YES;
				CLANG_WARN_BOOL_CONVERSION = YES;
				CLANG_WARN_COMMA = YES;
				CLANG_WARN_CONSTANT_CONVERSION = YES;
				CLANG_WARN_DEPRECATED_OBJC_IMPLEMENTATIONS = YES;
				CLANG_WARN_DIRECT_OBJC_ISA_USAGE = YES_ERROR;
				CLANG_WARN_DOCUMENTATION_COMMENTS = YES;
				CLANG_WARN_EMPTY_BODY = YES;
				CLANG_WARN_ENUM_CONVERSION = YES;
				CLANG_WARN_INFINITE_RECURSION = YES;
				CLANG_WARN_INT_CONVERSION = YES;
				CLANG_WARN_NON_LITERAL_NULL_CONVERSION = YES;
				CLANG_WARN_OBJC_IMPLICIT_RETAIN_SELF = YES;
				CLANG_WARN_OBJC_LITERAL_CONVERSION = YES;
				CLANG_WARN_OBJC_ROOT_CLASS = YES_ERROR;
				CLANG_WARN_RANGE_LOOP_ANALYSIS = YES;
				CLANG_WARN_STRICT_PROTOTYPES = YES;
				CLANG_WARN_SUSPICIOUS_MOVE = YES;
				CLANG_WARN_UNGUARDED_AVAILABILITY = YES_AGGRESSIVE;
				CLANG_WARN_UNREACHABLE_CODE = YES;
				CLANG_WARN__DUPLICATE_METHOD_MATCH = YES;
				COPY_PHASE_STRIP = NO;
				DEBUG_INFORMATION_FORMAT = dwarf;
				ENABLE_STRICT_OBJC_MSGSEND = YES;
				ENABLE_TESTABILITY = YES;
				GCC_C_LANGUAGE_STANDARD = gnu11;
				GCC_DYNAMIC_NO_PIC = NO;
				GCC_NO_COMMON_BLOCKS = YES;
				GCC_OPTIMIZATION_LEVEL = 0;
				GCC_PREPROCESSOR_DEFINITIONS = (
					"DEBUG=1",
					"$(inherited)",
				);
				GCC_WARN_64_TO_32_BIT_CONVERSION = YES;
				GCC_WARN_ABOUT_RETURN_TYPE = YES_ERROR;
				GCC_WARN_UNDECLARED_SELECTOR = YES;
				GCC_WARN_UNINITIALIZED_AUTOS = YES_AGGRESSIVE;
				GCC_WARN_UNUSED_FUNCTION = YES;
				GCC_WARN_UNUSED_VARIABLE = YES;
				IPHONEOS_DEPLOYMENT_TARGET = 13.2;
				MTL_ENABLE_DEBUG_INFO = INCLUDE_SOURCE;
				MTL_FAST_MATH = YES;
				ONLY_ACTIVE_ARCH = YES;
				SDKROOT = iphoneos;
				SWIFT_ACTIVE_COMPILATION_CONDITIONS = DEBUG;
				SWIFT_OPTIMIZATION_LEVEL = "-Onone";
			};
			name = Debug;
		};
		77BFF562242FCEFB00F1FAE5 /* Release */ = {
			isa = XCBuildConfiguration;
			buildSettings = {
				ALWAYS_SEARCH_USER_PATHS = NO;
				CLANG_ANALYZER_NONNULL = YES;
				CLANG_ANALYZER_NUMBER_OBJECT_CONVERSION = YES_AGGRESSIVE;
				CLANG_CXX_LANGUAGE_STANDARD = "gnu++14";
				CLANG_CXX_LIBRARY = "libc++";
				CLANG_ENABLE_MODULES = YES;
				CLANG_ENABLE_OBJC_ARC = YES;
				CLANG_ENABLE_OBJC_WEAK = YES;
				CLANG_WARN_BLOCK_CAPTURE_AUTORELEASING = YES;
				CLANG_WARN_BOOL_CONVERSION = YES;
				CLANG_WARN_COMMA = YES;
				CLANG_WARN_CONSTANT_CONVERSION = YES;
				CLANG_WARN_DEPRECATED_OBJC_IMPLEMENTATIONS = YES;
				CLANG_WARN_DIRECT_OBJC_ISA_USAGE = YES_ERROR;
				CLANG_WARN_DOCUMENTATION_COMMENTS = YES;
				CLANG_WARN_EMPTY_BODY = YES;
				CLANG_WARN_ENUM_CONVERSION = YES;
				CLANG_WARN_INFINITE_RECURSION = YES;
				CLANG_WARN_INT_CONVERSION = YES;
				CLANG_WARN_NON_LITERAL_NULL_CONVERSION = YES;
				CLANG_WARN_OBJC_IMPLICIT_RETAIN_SELF = YES;
				CLANG_WARN_OBJC_LITERAL_CONVERSION = YES;
				CLANG_WARN_OBJC_ROOT_CLASS = YES_ERROR;
				CLANG_WARN_RANGE_LOOP_ANALYSIS = YES;
				CLANG_WARN_STRICT_PROTOTYPES = YES;
				CLANG_WARN_SUSPICIOUS_MOVE = YES;
				CLANG_WARN_UNGUARDED_AVAILABILITY = YES_AGGRESSIVE;
				CLANG_WARN_UNREACHABLE_CODE = YES;
				CLANG_WARN__DUPLICATE_METHOD_MATCH = YES;
				COPY_PHASE_STRIP = NO;
				DEBUG_INFORMATION_FORMAT = "dwarf-with-dsym";
				ENABLE_NS_ASSERTIONS = NO;
				ENABLE_STRICT_OBJC_MSGSEND = YES;
				GCC_C_LANGUAGE_STANDARD = gnu11;
				GCC_NO_COMMON_BLOCKS = YES;
				GCC_WARN_64_TO_32_BIT_CONVERSION = YES;
				GCC_WARN_ABOUT_RETURN_TYPE = YES_ERROR;
				GCC_WARN_UNDECLARED_SELECTOR = YES;
				GCC_WARN_UNINITIALIZED_AUTOS = YES_AGGRESSIVE;
				GCC_WARN_UNUSED_FUNCTION = YES;
				GCC_WARN_UNUSED_VARIABLE = YES;
				IPHONEOS_DEPLOYMENT_TARGET = 13.2;
				MTL_ENABLE_DEBUG_INFO = NO;
				MTL_FAST_MATH = YES;
				SDKROOT = iphoneos;
				SWIFT_COMPILATION_MODE = wholemodule;
				SWIFT_OPTIMIZATION_LEVEL = "-O";
				VALIDATE_PRODUCT = YES;
			};
			name = Release;
		};
		77BFF564242FCEFB00F1FAE5 /* Debug */ = {
			isa = XCBuildConfiguration;
			buildSettings = {
				ASSETCATALOG_COMPILER_APPICON_NAME = AppIcon;
				CODE_SIGN_STYLE = Automatic;
				DEVELOPMENT_TEAM = 55UF49FT9C;
				INFOPLIST_FILE = "MemeMe ver. 2.0/Info.plist";
				LD_RUNPATH_SEARCH_PATHS = (
					"$(inherited)",
					"@executable_path/Frameworks",
				);
				PRODUCT_BUNDLE_IDENTIFIER = "vasvass.MemeMe-ver--2-0";
				PRODUCT_NAME = "$(TARGET_NAME)";
				SWIFT_VERSION = 5.0;
				TARGETED_DEVICE_FAMILY = "1,2";
			};
			name = Debug;
		};
		77BFF565242FCEFB00F1FAE5 /* Release */ = {
			isa = XCBuildConfiguration;
			buildSettings = {
				ASSETCATALOG_COMPILER_APPICON_NAME = AppIcon;
				CODE_SIGN_STYLE = Automatic;
				DEVELOPMENT_TEAM = 55UF49FT9C;
				INFOPLIST_FILE = "MemeMe ver. 2.0/Info.plist";
				LD_RUNPATH_SEARCH_PATHS = (
					"$(inherited)",
					"@executable_path/Frameworks",
				);
				PRODUCT_BUNDLE_IDENTIFIER = "vasvass.MemeMe-ver--2-0";
				PRODUCT_NAME = "$(TARGET_NAME)";
				SWIFT_VERSION = 5.0;
				TARGETED_DEVICE_FAMILY = "1,2";
			};
			name = Release;
		};
/* End XCBuildConfiguration section */

/* Begin XCConfigurationList section */
		77BFF534242FCEF700F1FAE5 /* Build configuration list for PBXProject "MemeMe ver. 2.0" */ = {
			isa = XCConfigurationList;
			buildConfigurations = (
				77BFF561242FCEFB00F1FAE5 /* Debug */,
				77BFF562242FCEFB00F1FAE5 /* Release */,
			);
			defaultConfigurationIsVisible = 0;
			defaultConfigurationName = Release;
		};
		77BFF563242FCEFB00F1FAE5 /* Build configuration list for PBXNativeTarget "MemeMe ver. 2.0" */ = {
			isa = XCConfigurationList;
			buildConfigurations = (
				77BFF564242FCEFB00F1FAE5 /* Debug */,
				77BFF565242FCEFB00F1FAE5 /* Release */,
			);
			defaultConfigurationIsVisible = 0;
			defaultConfigurationName = Release;
		};
/* End XCConfigurationList section */
	};
	rootObject = 77BFF531242FCEF700F1FAE5 /* Project object */;
}
